
Microsoft Visual Studio Solution File, Format Version 12.00
# Visual Studio Version 16
VisualStudioVersion = 16.0.31624.102
MinimumVisualStudioVersion = 10.0.40219.1
Project("{22325025-CDA3-4736-83CB-2D32D2FCC215}") = "AWSCloudFormations", "AWSCloudFormations\AWSCloudFormations.cfproj", "{99999999-9999-9999-9999-999999999999}"
EndProject
Global
	GlobalSection(SolutionConfigurationPlatforms) = preSolution
		Debug|Any CPU = Debug|Any CPU
		Debug|x86 = Debug|x86
		Release|Any CPU = Release|Any CPU
		Release|x86 = Release|x86
	EndGlobalSection
	GlobalSection(ProjectConfigurationPlatforms) = postSolution
		{99999999-9999-9999-9999-999999999999}.Debug|Any CPU.ActiveCfg = Debug|x86
		{99999999-9999-9999-9999-999999999999}.Debug|x86.ActiveCfg = Debug|x86
		{99999999-9999-9999-9999-999999999999}.Debug|x86.Build.0 = Debug|x86
		{99999999-9999-9999-9999-999999999999}.Release|Any CPU.ActiveCfg = Release|x86
		{99999999-9999-9999-9999-999999999999}.Release|x86.ActiveCfg = Release|x86
		{99999999-9999-9999-9999-999999999999}.Release|x86.Build.0 = Release|x86
	EndGlobalSection
	GlobalSection(SolutionProperties) = preSolution
		HideSolutionNode = FALSE
	EndGlobalSection
	GlobalSection(ExtensibilityGlobals) = postSolution
		SolutionGuid = {EF6D156C-50B9-4080-B75E-D43FE8448B2B}
	EndGlobalSection
EndGlobal
